// !$*UTF8*$!
{
	archiveVersion = 1;
	classes = {
	};
	objectVersion = 56;
	objects = {

/* Begin PBXBuildFile section */
		646FFF3D2C0A15C2002E1313 /* PhotoEditApp.swift in Sources */ = {isa = PBXBuildFile; fileRef = 646FFF3C2C0A15C2002E1313 /* PhotoEditApp.swift */; };
		646FFF412C0A15C5002E1313 /* Assets.xcassets in Resources */ = {isa = PBXBuildFile; fileRef = 646FFF402C0A15C5002E1313 /* Assets.xcassets */; };
		646FFF442C0A15C5002E1313 /* Preview Assets.xcassets in Resources */ = {isa = PBXBuildFile; fileRef = 646FFF432C0A15C5002E1313 /* Preview Assets.xcassets */; };
		646FFF742C0C7F3E002E1313 /* CropViewModel.swift in Sources */ = {isa = PBXBuildFile; fileRef = 646FFF732C0C7F3E002E1313 /* CropViewModel.swift */; };
		646FFF782C0E02B2002E1313 /* CropView.swift in Sources */ = {isa = PBXBuildFile; fileRef = 646FFF772C0E02B2002E1313 /* CropView.swift */; };
		646FFF7B2C0E1C21002E1313 /* TabBarView.swift in Sources */ = {isa = PBXBuildFile; fileRef = 646FFF7A2C0E1C21002E1313 /* TabBarView.swift */; };
		646FFF7E2C0E1CCA002E1313 /* SettingsView.swift in Sources */ = {isa = PBXBuildFile; fileRef = 646FFF7D2C0E1CCA002E1313 /* SettingsView.swift */; };
		646FFF812C0E228E002E1313 /* ImagePicker.swift in Sources */ = {isa = PBXBuildFile; fileRef = 646FFF802C0E228E002E1313 /* ImagePicker.swift */; };
		646FFF832C0E25A5002E1313 /* ImageSaver.swift in Sources */ = {isa = PBXBuildFile; fileRef = 646FFF822C0E25A5002E1313 /* ImageSaver.swift */; };
/* End PBXBuildFile section */

/* Begin PBXFileReference section */
		646FFF392C0A15C2002E1313 /* PhotoEdit.app */ = {isa = PBXFileReference; explicitFileType = wrapper.application; includeInIndex = 0; path = PhotoEdit.app; sourceTree = BUILT_PRODUCTS_DIR; };
		646FFF3C2C0A15C2002E1313 /* PhotoEditApp.swift */ = {isa = PBXFileReference; lastKnownFileType = sourcecode.swift; path = PhotoEditApp.swift; sourceTree = "<group>"; };
		646FFF402C0A15C5002E1313 /* Assets.xcassets */ = {isa = PBXFileReference; lastKnownFileType = folder.assetcatalog; path = Assets.xcassets; sourceTree = "<group>"; };
		646FFF432C0A15C5002E1313 /* Preview Assets.xcassets */ = {isa = PBXFileReference; lastKnownFileType = folder.assetcatalog; path = "Preview Assets.xcassets"; sourceTree = "<group>"; };
		646FFF732C0C7F3E002E1313 /* CropViewModel.swift */ = {isa = PBXFileReference; lastKnownFileType = sourcecode.swift; path = CropViewModel.swift; sourceTree = "<group>"; };
		646FFF772C0E02B2002E1313 /* CropView.swift */ = {isa = PBXFileReference; lastKnownFileType = sourcecode.swift; path = CropView.swift; sourceTree = "<group>"; };
		646FFF7A2C0E1C21002E1313 /* TabBarView.swift */ = {isa = PBXFileReference; lastKnownFileType = sourcecode.swift; path = TabBarView.swift; sourceTree = "<group>"; };
		646FFF7D2C0E1CCA002E1313 /* SettingsView.swift */ = {isa = PBXFileReference; lastKnownFileType = sourcecode.swift; path = SettingsView.swift; sourceTree = "<group>"; };
		646FFF802C0E228E002E1313 /* ImagePicker.swift */ = {isa = PBXFileReference; lastKnownFileType = sourcecode.swift; path = ImagePicker.swift; sourceTree = "<group>"; };
		646FFF822C0E25A5002E1313 /* ImageSaver.swift */ = {isa = PBXFileReference; lastKnownFileType = sourcecode.swift; path = ImageSaver.swift; sourceTree = "<group>"; };
/* End PBXFileReference section */

/* Begin PBXFrameworksBuildPhase section */
		646FFF362C0A15C2002E1313 /* Frameworks */ = {
			isa = PBXFrameworksBuildPhase;
			buildActionMask = 2147483647;
			files = (
			);
			runOnlyForDeploymentPostprocessing = 0;
		};
/* End PBXFrameworksBuildPhase section */

/* Begin PBXGroup section */
		646FFF302C0A15C2002E1313 = {
			isa = PBXGroup;
			children = (
				646FFF3B2C0A15C2002E1313 /* PhotoEdit */,
				646FFF3A2C0A15C2002E1313 /* Products */,
			);
			sourceTree = "<group>";
		};
		646FFF3A2C0A15C2002E1313 /* Products */ = {
			isa = PBXGroup;
			children = (
				646FFF392C0A15C2002E1313 /* PhotoEdit.app */,
			);
			name = Products;
			sourceTree = "<group>";
		};
		646FFF3B2C0A15C2002E1313 /* PhotoEdit */ = {
			isa = PBXGroup;
			children = (
				646FFF7F2C0E2253002E1313 /* Helpers */,
				646FFF752C0E0268002E1313 /* Views */,
				646FFF3C2C0A15C2002E1313 /* PhotoEditApp.swift */,
				646FFF402C0A15C5002E1313 /* Assets.xcassets */,
				646FFF422C0A15C5002E1313 /* Preview Content */,
			);
			path = PhotoEdit;
			sourceTree = "<group>";
		};
		646FFF422C0A15C5002E1313 /* Preview Content */ = {
			isa = PBXGroup;
			children = (
				646FFF432C0A15C5002E1313 /* Preview Assets.xcassets */,
			);
			path = "Preview Content";
			sourceTree = "<group>";
		};
		646FFF722C0C7F2C002E1313 /* ViewModel */ = {
			isa = PBXGroup;
			children = (
				646FFF732C0C7F3E002E1313 /* CropViewModel.swift */,
			);
			path = ViewModel;
			sourceTree = "<group>";
		};
		646FFF752C0E0268002E1313 /* Views */ = {
			isa = PBXGroup;
			children = (
				646FFF7C2C0E1CBA002E1313 /* Settings */,
				646FFF792C0E1C10002E1313 /* TabBar */,
				646FFF762C0E026F002E1313 /* CropView */,
			);
			path = Views;
			sourceTree = "<group>";
		};
		646FFF762C0E026F002E1313 /* CropView */ = {
			isa = PBXGroup;
			children = (
				646FFF722C0C7F2C002E1313 /* ViewModel */,
				646FFF772C0E02B2002E1313 /* CropView.swift */,
			);
			path = CropView;
			sourceTree = "<group>";
		};
		646FFF792C0E1C10002E1313 /* TabBar */ = {
			isa = PBXGroup;
			children = (
				646FFF7A2C0E1C21002E1313 /* TabBarView.swift */,
			);
			path = TabBar;
			sourceTree = "<group>";
		};
		646FFF7C2C0E1CBA002E1313 /* Settings */ = {
			isa = PBXGroup;
			children = (
				646FFF7D2C0E1CCA002E1313 /* SettingsView.swift */,
			);
			path = Settings;
			sourceTree = "<group>";
		};
		646FFF7F2C0E2253002E1313 /* Helpers */ = {
			isa = PBXGroup;
			children = (
				646FFF802C0E228E002E1313 /* ImagePicker.swift */,
				646FFF822C0E25A5002E1313 /* ImageSaver.swift */,
			);
			path = Helpers;
			sourceTree = "<group>";
		};
/* End PBXGroup section */

/* Begin PBXNativeTarget section */
		646FFF382C0A15C2002E1313 /* PhotoEdit */ = {
			isa = PBXNativeTarget;
			buildConfigurationList = 646FFF472C0A15C5002E1313 /* Build configuration list for PBXNativeTarget "PhotoEdit" */;
			buildPhases = (
				646FFF352C0A15C2002E1313 /* Sources */,
				646FFF362C0A15C2002E1313 /* Frameworks */,
				646FFF372C0A15C2002E1313 /* Resources */,
			);
			buildRules = (
			);
			dependencies = (
			);
			name = PhotoEdit;
			productName = PhotoEdit;
			productReference = 646FFF392C0A15C2002E1313 /* PhotoEdit.app */;
			productType = "com.apple.product-type.application";
		};
/* End PBXNativeTarget section */

/* Begin PBXProject section */
		646FFF312C0A15C2002E1313 /* Project object */ = {
			isa = PBXProject;
			attributes = {
				BuildIndependentTargetsInParallel = 1;
				LastSwiftUpdateCheck = 1530;
				LastUpgradeCheck = 1530;
				TargetAttributes = {
					646FFF382C0A15C2002E1313 = {
						CreatedOnToolsVersion = 15.3;
					};
				};
			};
			buildConfigurationList = 646FFF342C0A15C2002E1313 /* Build configuration list for PBXProject "PhotoEdit" */;
			compatibilityVersion = "Xcode 14.0";
			developmentRegion = en;
			hasScannedForEncodings = 0;
			knownRegions = (
				en,
				Base,
			);
			mainGroup = 646FFF302C0A15C2002E1313;
			productRefGroup = 646FFF3A2C0A15C2002E1313 /* Products */;
			projectDirPath = "";
			projectRoot = "";
			targets = (
				646FFF382C0A15C2002E1313 /* PhotoEdit */,
			);
		};
/* End PBXProject section */

/* Begin PBXResourcesBuildPhase section */
		646FFF372C0A15C2002E1313 /* Resources */ = {
			isa = PBXResourcesBuildPhase;
			buildActionMask = 2147483647;
			files = (
				646FFF442C0A15C5002E1313 /* Preview Assets.xcassets in Resources */,
				646FFF412C0A15C5002E1313 /* Assets.xcassets in Resources */,
			);
			runOnlyForDeploymentPostprocessing = 0;
		};
/* End PBXResourcesBuildPhase section */

/* Begin PBXSourcesBuildPhase section */
		646FFF352C0A15C2002E1313 /* Sources */ = {
			isa = PBXSourcesBuildPhase;
			buildActionMask = 2147483647;
			files = (
				646FFF7E2C0E1CCA002E1313 /* SettingsView.swift in Sources */,
				646FFF3D2C0A15C2002E1313 /* PhotoEditApp.swift in Sources */,
				646FFF742C0C7F3E002E1313 /* CropViewModel.swift in Sources */,
				646FFF832C0E25A5002E1313 /* ImageSaver.swift in Sources */,
				646FFF812C0E228E002E1313 /* ImagePicker.swift in Sources */,
				646FFF7B2C0E1C21002E1313 /* TabBarView.swift in Sources */,
				646FFF782C0E02B2002E1313 /* CropView.swift in Sources */,
			);
			runOnlyForDeploymentPostprocessing = 0;
		};
/* End PBXSourcesBuildPhase section */

/* Begin XCBuildConfiguration section */
		646FFF452C0A15C5002E1313 /* Debug */ = {
			isa = XCBuildConfiguration;
			buildSettings = {
				ALWAYS_SEARCH_USER_PATHS = NO;
				ASSETCATALOG_COMPILER_GENERATE_SWIFT_ASSET_SYMBOL_EXTENSIONS = YES;
				CLANG_ANALYZER_NONNULL = YES;
				CLANG_ANALYZER_NUMBER_OBJECT_CONVERSION = YES_AGGRESSIVE;
				CLANG_CXX_LANGUAGE_STANDARD = "gnu++20";
				CLANG_ENABLE_MODULES = YES;
				CLANG_ENABLE_OBJC_ARC = YES;
				CLANG_ENABLE_OBJC_WEAK = YES;
				CLANG_WARN_BLOCK_CAPTURE_AUTORELEASING = YES;
				CLANG_WARN_BOOL_CONVERSION = YES;
				CLANG_WARN_COMMA = YES;
				CLANG_WARN_CONSTANT_CONVERSION = YES;
				CLANG_WARN_DEPRECATED_OBJC_IMPLEMENTATIONS = YES;
				CLANG_WARN_DIRECT_OBJC_ISA_USAGE = YES_ERROR;
				CLANG_WARN_DOCUMENTATION_COMMENTS = YES;
				CLANG_WARN_EMPTY_BODY = YES;
				CLANG_WARN_ENUM_CONVERSION = YES;
				CLANG_WARN_INFINITE_RECURSION = YES;
				CLANG_WARN_INT_CONVERSION = YES;
				CLANG_WARN_NON_LITERAL_NULL_CONVERSION = YES;
				CLANG_WARN_OBJC_IMPLICIT_RETAIN_SELF = YES;
				CLANG_WARN_OBJC_LITERAL_CONVERSION = YES;
				CLANG_WARN_OBJC_ROOT_CLASS = YES_ERROR;
				CLANG_WARN_QUOTED_INCLUDE_IN_FRAMEWORK_HEADER = YES;
				CLANG_WARN_RANGE_LOOP_ANALYSIS = YES;
				CLANG_WARN_STRICT_PROTOTYPES = YES;
				CLANG_WARN_SUSPICIOUS_MOVE = YES;
				CLANG_WARN_UNGUARDED_AVAILABILITY = YES_AGGRESSIVE;
				CLANG_WARN_UNREACHABLE_CODE = YES;
				CLANG_WARN__DUPLICATE_METHOD_MATCH = YES;
				COPY_PHASE_STRIP = NO;
				DEBUG_INFORMATION_FORMAT = dwarf;
				ENABLE_STRICT_OBJC_MSGSEND = YES;
				ENABLE_TESTABILITY = YES;
				ENABLE_USER_SCRIPT_SANDBOXING = YES;
				GCC_C_LANGUAGE_STANDARD = gnu17;
				GCC_DYNAMIC_NO_PIC = NO;
				GCC_NO_COMMON_BLOCKS = YES;
				GCC_OPTIMIZATION_LEVEL = 0;
				GCC_PREPROCESSOR_DEFINITIONS = (
					"DEBUG=1",
					"$(inherited)",
				);
				GCC_WARN_64_TO_32_BIT_CONVERSION = YES;
				GCC_WARN_ABOUT_RETURN_TYPE = YES_ERROR;
				GCC_WARN_UNDECLARED_SELECTOR = YES;
				GCC_WARN_UNINITIALIZED_AUTOS = YES_AGGRESSIVE;
				GCC_WARN_UNUSED_FUNCTION = YES;
				GCC_WARN_UNUSED_VARIABLE = YES;
				IPHONEOS_DEPLOYMENT_TARGET = 17.4;
				LOCALIZATION_PREFERS_STRING_CATALOGS = YES;
				MTL_ENABLE_DEBUG_INFO = INCLUDE_SOURCE;
				MTL_FAST_MATH = YES;
				ONLY_ACTIVE_ARCH = YES;
				SDKROOT = iphoneos;
				SWIFT_ACTIVE_COMPILATION_CONDITIONS = "DEBUG $(inherited)";
				SWIFT_OPTIMIZATION_LEVEL = "-Onone";
			};
			name = Debug;
		};
		646FFF462C0A15C5002E1313 /* Release */ = {
			isa = XCBuildConfiguration;
			buildSettings = {
				ALWAYS_SEARCH_USER_PATHS = NO;
				ASSETCATALOG_COMPILER_GENERATE_SWIFT_ASSET_SYMBOL_EXTENSIONS = YES;
				CLANG_ANALYZER_NONNULL = YES;
				CLANG_ANALYZER_NUMBER_OBJECT_CONVERSION = YES_AGGRESSIVE;
				CLANG_CXX_LANGUAGE_STANDARD = "gnu++20";
				CLANG_ENABLE_MODULES = YES;
				CLANG_ENABLE_OBJC_ARC = YES;
				CLANG_ENABLE_OBJC_WEAK = YES;
				CLANG_WARN_BLOCK_CAPTURE_AUTORELEASING = YES;
				CLANG_WARN_BOOL_CONVERSION = YES;
				CLANG_WARN_COMMA = YES;
				CLANG_WARN_CONSTANT_CONVERSION = YES;
				CLANG_WARN_DEPRECATED_OBJC_IMPLEMENTATIONS = YES;
				CLANG_WARN_DIRECT_OBJC_ISA_USAGE = YES_ERROR;
				CLANG_WARN_DOCUMENTATION_COMMENTS = YES;
				CLANG_WARN_EMPTY_BODY = YES;
				CLANG_WARN_ENUM_CONVERSION = YES;
				CLANG_WARN_INFINITE_RECURSION = YES;
				CLANG_WARN_INT_CONVERSION = YES;
				CLANG_WARN_NON_LITERAL_NULL_CONVERSION = YES;
				CLANG_WARN_OBJC_IMPLICIT_RETAIN_SELF = YES;
				CLANG_WARN_OBJC_LITERAL_CONVERSION = YES;
				CLANG_WARN_OBJC_ROOT_CLASS = YES_ERROR;
				CLANG_WARN_QUOTED_INCLUDE_IN_FRAMEWORK_HEADER = YES;
				CLANG_WARN_RANGE_LOOP_ANALYSIS = YES;
				CLANG_WARN_STRICT_PROTOTYPES = YES;
				CLANG_WARN_SUSPICIOUS_MOVE = YES;
				CLANG_WARN_UNGUARDED_AVAILABILITY = YES_AGGRESSIVE;
				CLANG_WARN_UNREACHABLE_CODE = YES;
				CLANG_WARN__DUPLICATE_METHOD_MATCH = YES;
				COPY_PHASE_STRIP = NO;
				DEBUG_INFORMATION_FORMAT = "dwarf-with-dsym";
				ENABLE_NS_ASSERTIONS = NO;
				ENABLE_STRICT_OBJC_MSGSEND = YES;
				ENABLE_USER_SCRIPT_SANDBOXING = YES;
				GCC_C_LANGUAGE_STANDARD = gnu17;
				GCC_NO_COMMON_BLOCKS = YES;
				GCC_WARN_64_TO_32_BIT_CONVERSION = YES;
				GCC_WARN_ABOUT_RETURN_TYPE = YES_ERROR;
				GCC_WARN_UNDECLARED_SELECTOR = YES;
				GCC_WARN_UNINITIALIZED_AUTOS = YES_AGGRESSIVE;
				GCC_WARN_UNUSED_FUNCTION = YES;
				GCC_WARN_UNUSED_VARIABLE = YES;
				IPHONEOS_DEPLOYMENT_TARGET = 17.4;
				LOCALIZATION_PREFERS_STRING_CATALOGS = YES;
				MTL_ENABLE_DEBUG_INFO = NO;
				MTL_FAST_MATH = YES;
				SDKROOT = iphoneos;
				SWIFT_COMPILATION_MODE = wholemodule;
				VALIDATE_PRODUCT = YES;
			};
			name = Release;
		};
		646FFF482C0A15C5002E1313 /* Debug */ = {
			isa = XCBuildConfiguration;
			buildSettings = {
				ASSETCATALOG_COMPILER_APPICON_NAME = AppIcon;
				ASSETCATALOG_COMPILER_GLOBAL_ACCENT_COLOR_NAME = AccentColor;
				CODE_SIGN_STYLE = Automatic;
				CURRENT_PROJECT_VERSION = 1;
				DEVELOPMENT_ASSET_PATHS = "\"PhotoEdit/Preview Content\"";
				DEVELOPMENT_TEAM = N835J7CFBP;
				ENABLE_PREVIEWS = YES;
				GENERATE_INFOPLIST_FILE = YES;
				INFOPLIST_KEY_NSPhotoLibraryAddUsageDescription = "Allow pls";
				INFOPLIST_KEY_UIApplicationSceneManifest_Generation = YES;
				INFOPLIST_KEY_UIApplicationSupportsIndirectInputEvents = YES;
				INFOPLIST_KEY_UILaunchScreen_Generation = YES;
				INFOPLIST_KEY_UISupportedInterfaceOrientations_iPad = "UIInterfaceOrientationPortrait UIInterfaceOrientationPortraitUpsideDown UIInterfaceOrientationLandscapeLeft UIInterfaceOrientationLandscapeRight";
				INFOPLIST_KEY_UISupportedInterfaceOrientations_iPhone = "UIInterfaceOrientationPortrait UIInterfaceOrientationLandscapeLeft UIInterfaceOrientationLandscapeRight";
				LD_RUNPATH_SEARCH_PATHS = (
					"$(inherited)",
					"@executable_path/Frameworks",
				);
				MARKETING_VERSION = 1.0;
				PRODUCT_BUNDLE_IDENTIFIER = com.bobrandrey.PhotoEdit;
				PRODUCT_NAME = "$(TARGET_NAME)";
				SWIFT_EMIT_LOC_STRINGS = YES;
				SWIFT_VERSION = 5.0;
				TARGETED_DEVICE_FAMILY = "1,2";
			};
			name = Debug;
		};
		646FFF492C0A15C5002E1313 /* Release */ = {
			isa = XCBuildConfiguration;
			buildSettings = {
				ASSETCATALOG_COMPILER_APPICON_NAME = AppIcon;
				ASSETCATALOG_COMPILER_GLOBAL_ACCENT_COLOR_NAME = AccentColor;
				CODE_SIGN_STYLE = Automatic;
				CURRENT_PROJECT_VERSION = 1;
				DEVELOPMENT_ASSET_PATHS = "\"PhotoEdit/Preview Content\"";
				DEVELOPMENT_TEAM = N835J7CFBP;
				ENABLE_PREVIEWS = YES;
				GENERATE_INFOPLIST_FILE = YES;
				INFOPLIST_KEY_NSPhotoLibraryAddUsageDescription = "Allow pls";
				INFOPLIST_KEY_UIApplicationSceneManifest_Generation = YES;
				INFOPLIST_KEY_UIApplicationSupportsIndirectInputEvents = YES;
				INFOPLIST_KEY_UILaunchScreen_Generation = YES;
				INFOPLIST_KEY_UISupportedInterfaceOrientations_iPad = "UIInterfaceOrientationPortrait UIInterfaceOrientationPortraitUpsideDown UIInterfaceOrientationLandscapeLeft UIInterfaceOrientationLandscapeRight";
				INFOPLIST_KEY_UISupportedInterfaceOrientations_iPhone = "UIInterfaceOrientationPortrait UIInterfaceOrientationLandscapeLeft UIInterfaceOrientationLandscapeRight";
				LD_RUNPATH_SEARCH_PATHS = (
					"$(inherited)",
					"@executable_path/Frameworks",
				);
				MARKETING_VERSION = 1.0;
				PRODUCT_BUNDLE_IDENTIFIER = com.bobrandrey.PhotoEdit;
				PRODUCT_NAME = "$(TARGET_NAME)";
				SWIFT_EMIT_LOC_STRINGS = YES;
				SWIFT_VERSION = 5.0;
				TARGETED_DEVICE_FAMILY = "1,2";
			};
			name = Release;
		};
/* End XCBuildConfiguration section */

/* Begin XCConfigurationList section */
		646FFF342C0A15C2002E1313 /* Build configuration list for PBXProject "PhotoEdit" */ = {
			isa = XCConfigurationList;
			buildConfigurations = (
				646FFF452C0A15C5002E1313 /* Debug */,
				646FFF462C0A15C5002E1313 /* Release */,
			);
			defaultConfigurationIsVisible = 0;
			defaultConfigurationName = Release;
		};
		646FFF472C0A15C5002E1313 /* Build configuration list for PBXNativeTarget "PhotoEdit" */ = {
			isa = XCConfigurationList;
			buildConfigurations = (
				646FFF482C0A15C5002E1313 /* Debug */,
				646FFF492C0A15C5002E1313 /* Release */,
			);
			defaultConfigurationIsVisible = 0;
			defaultConfigurationName = Release;
		};
/* End XCConfigurationList section */
	};
	rootObject = 646FFF312C0A15C2002E1313 /* Project object */;
}
